// !$*UTF8*$!
{
	archiveVersion = 1;
	classes = {
	};
	objectVersion = 55;
	objects = {

/* Begin PBXBuildFile section */
		0D2382D52814CB4300EE7438 /* PlayAudioNode.swift in Sources */ = {isa = PBXBuildFile; fileRef = 0D2382D42814CB4300EE7438 /* PlayAudioNode.swift */; };
		0D2382D92814D09300EE7438 /* PageManager.swift in Sources */ = {isa = PBXBuildFile; fileRef = 0D2382D82814D09300EE7438 /* PageManager.swift */; };
		0D32FFAF280FFB5F0068C52F /* CoreGraphics+Hashable.swift in Sources */ = {isa = PBXBuildFile; fileRef = 0D32FFAE280FFB5F0068C52F /* CoreGraphics+Hashable.swift */; };
		0D32FFB1281001400068C52F /* MoreNavigationView.swift in Sources */ = {isa = PBXBuildFile; fileRef = 0D32FFB0281001400068C52F /* MoreNavigationView.swift */; };
		0D32FFB5281024940068C52F /* NodeCanvasMinimapView.swift in Sources */ = {isa = PBXBuildFile; fileRef = 0D32FFB4281024940068C52F /* NodeCanvasMinimapView.swift */; };
		0D32FFB7281026020068C52F /* UserDefaults+SwiftUI.swift in Sources */ = {isa = PBXBuildFile; fileRef = 0D32FFB6281026020068C52F /* UserDefaults+SwiftUI.swift */; };
		0D32FFB92810261C0068C52F /* PreferenceManager.swift in Sources */ = {isa = PBXBuildFile; fileRef = 0D32FFB82810261C0068C52F /* PreferenceManager.swift */; };
		0D32FFBB2810268E0068C52F /* ToggleButtonView.swift in Sources */ = {isa = PBXBuildFile; fileRef = 0D32FFBA2810268E0068C52F /* ToggleButtonView.swift */; };
		0D3B269C280ED29A0005280A /* NodeCanvasData.swift in Sources */ = {isa = PBXBuildFile; fileRef = 0D3B269B280ED29A0005280A /* NodeCanvasData.swift */; };
		0D3B269E280EDCFB0005280A /* NodePortView.swift in Sources */ = {isa = PBXBuildFile; fileRef = 0D3B269D280EDCFB0005280A /* NodePortView.swift */; };
		0D43AD8E280CDAF900601308 /* NodeCanvasView.swift in Sources */ = {isa = PBXBuildFile; fileRef = 0D43AD8D280CDAF900601308 /* NodeCanvasView.swift */; };
		0D43AD91280CDC4400601308 /* NodeCanvasNavigationView.swift in Sources */ = {isa = PBXBuildFile; fileRef = 0D43AD90280CDC4400601308 /* NodeCanvasNavigationView.swift */; };
		0D43AD98280CE2CE00601308 /* BaseManager.swift in Sources */ = {isa = PBXBuildFile; fileRef = 0D43AD97280CE2CE00601308 /* BaseManager.swift */; };
		0D43AD9A280CE2E400601308 /* EnvironmentManager.swift in Sources */ = {isa = PBXBuildFile; fileRef = 0D43AD99280CE2E400601308 /* EnvironmentManager.swift */; };
		0D43AD9D280CE2F300601308 /* Bundle+Version.swift in Sources */ = {isa = PBXBuildFile; fileRef = 0D43AD9B280CE2F300601308 /* Bundle+Version.swift */; };
		0D43AD9E280CE2F300601308 /* Class+Runtime.swift in Sources */ = {isa = PBXBuildFile; fileRef = 0D43AD9C280CE2F300601308 /* Class+Runtime.swift */; };
		0D43ADA0280D4D4D00601308 /* Environment.swift in Sources */ = {isa = PBXBuildFile; fileRef = 0D43AD9F280D4D4D00601308 /* Environment.swift */; };
		0D43ADA4280D5D1400601308 /* NodeView.swift in Sources */ = {isa = PBXBuildFile; fileRef = 0D43ADA3280D5D1400601308 /* NodeView.swift */; };
		0D43ADA6280D5DED00601308 /* NodeData.swift in Sources */ = {isa = PBXBuildFile; fileRef = 0D43ADA5280D5DED00601308 /* NodeData.swift */; };
		0D59A2052814DC15001342FE /* BirdNode.swift in Sources */ = {isa = PBXBuildFile; fileRef = 0D59A2042814DC15001342FE /* BirdNode.swift */; };
		0D59A2072814DD75001342FE /* ApplyImpulseNode.swift in Sources */ = {isa = PBXBuildFile; fileRef = 0D59A2062814DD75001342FE /* ApplyImpulseNode.swift */; };
		0D59A2092814DF7B001342FE /* VectorNode.swift in Sources */ = {isa = PBXBuildFile; fileRef = 0D59A2082814DF7B001342FE /* VectorNode.swift */; };
		0D59A20C281525AF001342FE /* SpriteViewWrapper.swift in Sources */ = {isa = PBXBuildFile; fileRef = 0D59A20B281525AF001342FE /* SpriteViewWrapper.swift */; };
		0D59A20F28153BD0001342FE /* NodePageDataChapterOne.swift in Sources */ = {isa = PBXBuildFile; fileRef = 0D59A20E28153BD0001342FE /* NodePageDataChapterOne.swift */; };
		0D59A211281562F4001342FE /* SKSpriteNodeNodeDataPort.swift in Sources */ = {isa = PBXBuildFile; fileRef = 0D59A210281562F4001342FE /* SKSpriteNodeNodeDataPort.swift */; };
		0D59A219281572C9001342FE /* CGVectorNodeDataPort.swift in Sources */ = {isa = PBXBuildFile; fileRef = 0D59A218281572C9001342FE /* CGVectorNodeDataPort.swift */; };
		0D59A21B28158120001342FE /* Any+Equatable.swift in Sources */ = {isa = PBXBuildFile; fileRef = 0D59A21A28158120001342FE /* Any+Equatable.swift */; };
		0D59A21D2815812F001342FE /* String+Identifiable.swift in Sources */ = {isa = PBXBuildFile; fileRef = 0D59A21C2815812F001342FE /* String+Identifiable.swift */; };
		0D59A21F28158DF9001342FE /* NewFrameNode.swift in Sources */ = {isa = PBXBuildFile; fileRef = 0D59A21E28158DF9001342FE /* NewFrameNode.swift */; };
		0D59A22128158F78001342FE /* NodePageDataChapterZero.swift in Sources */ = {isa = PBXBuildFile; fileRef = 0D59A22028158F78001342FE /* NodePageDataChapterZero.swift */; };
		0D59A2232815926D001342FE /* NodePageDataChapterTwo.swift in Sources */ = {isa = PBXBuildFile; fileRef = 0D59A2222815926D001342FE /* NodePageDataChapterTwo.swift */; };
		0D8E36B1281380A100611D10 /* Collection+Nil.swift in Sources */ = {isa = PBXBuildFile; fileRef = 0D8E36B0281380A100611D10 /* Collection+Nil.swift */; };
		0D8E36BC2814154300611D10 /* IntNodeDataPort.swift in Sources */ = {isa = PBXBuildFile; fileRef = 0D8E36BB2814154300611D10 /* IntNodeDataPort.swift */; };
		0D8E36C12814AF4900611D10 /* GetTouchNode.swift in Sources */ = {isa = PBXBuildFile; fileRef = 0D8E36C02814AF4900611D10 /* GetTouchNode.swift */; };
		0D8E36C52814BC4400611D10 /* NodeCanvasLiveView.swift in Sources */ = {isa = PBXBuildFile; fileRef = 0D8E36C42814BC4400611D10 /* NodeCanvasLiveView.swift */; };
		0D8E36C72814BD8100611D10 /* NodeCanvasTitleIndicatorView.swift in Sources */ = {isa = PBXBuildFile; fileRef = 0D8E36C62814BD8100611D10 /* NodeCanvasTitleIndicatorView.swift */; };
		0D8E36C92814C41C00611D10 /* NodeCanvasDocView.swift in Sources */ = {isa = PBXBuildFile; fileRef = 0D8E36C82814C41C00611D10 /* NodeCanvasDocView.swift */; };
		0D8E36CB2814C5E100611D10 /* NodePageData.swift in Sources */ = {isa = PBXBuildFile; fileRef = 0D8E36CA2814C5E100611D10 /* NodePageData.swift */; };
		0D8E36CE2814C7B600611D10 /* FlappyBird.sks in Resources */ = {isa = PBXBuildFile; fileRef = 0D8E36CD2814C7B600611D10 /* FlappyBird.sks */; };
		0D8E6A62280AAC100071A4D5 /* NodeEditorApp.swift in Sources */ = {isa = PBXBuildFile; fileRef = 0D8E6A61280AAC100071A4D5 /* NodeEditorApp.swift */; };
		0D8E6A66280AAC140071A4D5 /* Assets.xcassets in Resources */ = {isa = PBXBuildFile; fileRef = 0D8E6A65280AAC140071A4D5 /* Assets.xcassets */; };
		0D8E6A69280AAC140071A4D5 /* Preview Assets.xcassets in Resources */ = {isa = PBXBuildFile; fileRef = 0D8E6A68280AAC140071A4D5 /* Preview Assets.xcassets */; };
		0D92A658281144E000EA9F1E /* StartNode.swift in Sources */ = {isa = PBXBuildFile; fileRef = 0D92A657281144E000EA9F1E /* StartNode.swift */; };
		0D92A65E2811530400EA9F1E /* UpdateNode.swift in Sources */ = {isa = PBXBuildFile; fileRef = 0D92A65D2811530400EA9F1E /* UpdateNode.swift */; };
		0D92A6622811759000EA9F1E /* NodeAddSelectionView.swift in Sources */ = {isa = PBXBuildFile; fileRef = 0D92A6612811759000EA9F1E /* NodeAddSelectionView.swift */; };
		0D92A66428117B0C00EA9F1E /* SwiftUI+Conditional.swift in Sources */ = {isa = PBXBuildFile; fileRef = 0D92A66328117B0C00EA9F1E /* SwiftUI+Conditional.swift */; };
		0D92A66828121B2100EA9F1E /* TriggerNode.swift in Sources */ = {isa = PBXBuildFile; fileRef = 0D92A66728121B2100EA9F1E /* TriggerNode.swift */; };
		0DB6B080280E53F0005D7080 /* CoreGraphics+Math.swift in Sources */ = {isa = PBXBuildFile; fileRef = 0DB6B07F280E53F0005D7080 /* CoreGraphics+Math.swift */; };
		0DB6B082280EC738005D7080 /* NodeCanvasToolbarView.swift in Sources */ = {isa = PBXBuildFile; fileRef = 0DB6B081280EC738005D7080 /* NodeCanvasToolbarView.swift */; };
		0DE8809228103862008C70C0 /* NodePortConnectionData.swift in Sources */ = {isa = PBXBuildFile; fileRef = 0DE8809128103862008C70C0 /* NodePortConnectionData.swift */; };
		0DE8809428103896008C70C0 /* NodePortData.swift in Sources */ = {isa = PBXBuildFile; fileRef = 0DE8809328103896008C70C0 /* NodePortData.swift */; };
/* End PBXBuildFile section */

/* Begin PBXFileReference section */
		0D2382D42814CB4300EE7438 /* PlayAudioNode.swift */ = {isa = PBXFileReference; lastKnownFileType = sourcecode.swift; path = PlayAudioNode.swift; sourceTree = "<group>"; };
		0D2382D82814D09300EE7438 /* PageManager.swift */ = {isa = PBXFileReference; lastKnownFileType = sourcecode.swift; path = PageManager.swift; sourceTree = "<group>"; };
		0D32FFAE280FFB5F0068C52F /* CoreGraphics+Hashable.swift */ = {isa = PBXFileReference; lastKnownFileType = sourcecode.swift; path = "CoreGraphics+Hashable.swift"; sourceTree = "<group>"; };
		0D32FFB0281001400068C52F /* MoreNavigationView.swift */ = {isa = PBXFileReference; lastKnownFileType = sourcecode.swift; path = MoreNavigationView.swift; sourceTree = "<group>"; };
		0D32FFB4281024940068C52F /* NodeCanvasMinimapView.swift */ = {isa = PBXFileReference; lastKnownFileType = sourcecode.swift; path = NodeCanvasMinimapView.swift; sourceTree = "<group>"; };
		0D32FFB6281026020068C52F /* UserDefaults+SwiftUI.swift */ = {isa = PBXFileReference; lastKnownFileType = sourcecode.swift; path = "UserDefaults+SwiftUI.swift"; sourceTree = "<group>"; };
		0D32FFB82810261C0068C52F /* PreferenceManager.swift */ = {isa = PBXFileReference; lastKnownFileType = sourcecode.swift; path = PreferenceManager.swift; sourceTree = "<group>"; };
		0D32FFBA2810268E0068C52F /* ToggleButtonView.swift */ = {isa = PBXFileReference; lastKnownFileType = sourcecode.swift; path = ToggleButtonView.swift; sourceTree = "<group>"; };
		0D3B269B280ED29A0005280A /* NodeCanvasData.swift */ = {isa = PBXFileReference; lastKnownFileType = sourcecode.swift; path = NodeCanvasData.swift; sourceTree = "<group>"; };
		0D3B269D280EDCFB0005280A /* NodePortView.swift */ = {isa = PBXFileReference; lastKnownFileType = sourcecode.swift; path = NodePortView.swift; sourceTree = "<group>"; };
		0D43AD8D280CDAF900601308 /* NodeCanvasView.swift */ = {isa = PBXFileReference; lastKnownFileType = sourcecode.swift; path = NodeCanvasView.swift; sourceTree = "<group>"; };
		0D43AD8F280CDBC900601308 /* NodeEditor.entitlements */ = {isa = PBXFileReference; lastKnownFileType = text.plist.entitlements; path = NodeEditor.entitlements; sourceTree = "<group>"; };
		0D43AD90280CDC4400601308 /* NodeCanvasNavigationView.swift */ = {isa = PBXFileReference; lastKnownFileType = sourcecode.swift; path = NodeCanvasNavigationView.swift; sourceTree = "<group>"; };
		0D43AD97280CE2CE00601308 /* BaseManager.swift */ = {isa = PBXFileReference; lastKnownFileType = sourcecode.swift; path = BaseManager.swift; sourceTree = "<group>"; };
		0D43AD99280CE2E400601308 /* EnvironmentManager.swift */ = {isa = PBXFileReference; lastKnownFileType = sourcecode.swift; path = EnvironmentManager.swift; sourceTree = "<group>"; };
		0D43AD9B280CE2F300601308 /* Bundle+Version.swift */ = {isa = PBXFileReference; fileEncoding = 4; lastKnownFileType = sourcecode.swift; path = "Bundle+Version.swift"; sourceTree = "<group>"; };
		0D43AD9C280CE2F300601308 /* Class+Runtime.swift */ = {isa = PBXFileReference; fileEncoding = 4; lastKnownFileType = sourcecode.swift; path = "Class+Runtime.swift"; sourceTree = "<group>"; };
		0D43AD9F280D4D4D00601308 /* Environment.swift */ = {isa = PBXFileReference; lastKnownFileType = sourcecode.swift; path = Environment.swift; sourceTree = "<group>"; };
		0D43ADA3280D5D1400601308 /* NodeView.swift */ = {isa = PBXFileReference; lastKnownFileType = sourcecode.swift; path = NodeView.swift; sourceTree = "<group>"; };
		0D43ADA5280D5DED00601308 /* NodeData.swift */ = {isa = PBXFileReference; lastKnownFileType = sourcecode.swift; path = NodeData.swift; sourceTree = "<group>"; };
		0D59A2042814DC15001342FE /* BirdNode.swift */ = {isa = PBXFileReference; lastKnownFileType = sourcecode.swift; path = BirdNode.swift; sourceTree = "<group>"; };
		0D59A2062814DD75001342FE /* ApplyImpulseNode.swift */ = {isa = PBXFileReference; lastKnownFileType = sourcecode.swift; path = ApplyImpulseNode.swift; sourceTree = "<group>"; };
		0D59A2082814DF7B001342FE /* VectorNode.swift */ = {isa = PBXFileReference; lastKnownFileType = sourcecode.swift; path = VectorNode.swift; sourceTree = "<group>"; };
		0D59A20B281525AF001342FE /* SpriteViewWrapper.swift */ = {isa = PBXFileReference; lastKnownFileType = sourcecode.swift; path = SpriteViewWrapper.swift; sourceTree = "<group>"; };
		0D59A20E28153BD0001342FE /* NodePageDataChapterOne.swift */ = {isa = PBXFileReference; lastKnownFileType = sourcecode.swift; path = NodePageDataChapterOne.swift; sourceTree = "<group>"; };
		0D59A210281562F4001342FE /* SKSpriteNodeNodeDataPort.swift */ = {isa = PBXFileReference; lastKnownFileType = sourcecode.swift; path = SKSpriteNodeNodeDataPort.swift; sourceTree = "<group>"; };
		0D59A218281572C9001342FE /* CGVectorNodeDataPort.swift */ = {isa = PBXFileReference; lastKnownFileType = sourcecode.swift; path = CGVectorNodeDataPort.swift; sourceTree = "<group>"; };
		0D59A21A28158120001342FE /* Any+Equatable.swift */ = {isa = PBXFileReference; lastKnownFileType = sourcecode.swift; path = "Any+Equatable.swift"; sourceTree = "<group>"; };
		0D59A21C2815812F001342FE /* String+Identifiable.swift */ = {isa = PBXFileReference; lastKnownFileType = sourcecode.swift; path = "String+Identifiable.swift"; sourceTree = "<group>"; };
		0D59A21E28158DF9001342FE /* NewFrameNode.swift */ = {isa = PBXFileReference; lastKnownFileType = sourcecode.swift; path = NewFrameNode.swift; sourceTree = "<group>"; };
		0D59A22028158F78001342FE /* NodePageDataChapterZero.swift */ = {isa = PBXFileReference; lastKnownFileType = sourcecode.swift; path = NodePageDataChapterZero.swift; sourceTree = "<group>"; };
		0D59A2222815926D001342FE /* NodePageDataChapterTwo.swift */ = {isa = PBXFileReference; lastKnownFileType = sourcecode.swift; path = NodePageDataChapterTwo.swift; sourceTree = "<group>"; };
		0D8E36B0281380A100611D10 /* Collection+Nil.swift */ = {isa = PBXFileReference; lastKnownFileType = sourcecode.swift; path = "Collection+Nil.swift"; sourceTree = "<group>"; };
		0D8E36BB2814154300611D10 /* IntNodeDataPort.swift */ = {isa = PBXFileReference; lastKnownFileType = sourcecode.swift; path = IntNodeDataPort.swift; sourceTree = "<group>"; };
		0D8E36C02814AF4900611D10 /* GetTouchNode.swift */ = {isa = PBXFileReference; lastKnownFileType = sourcecode.swift; path = GetTouchNode.swift; sourceTree = "<group>"; };
		0D8E36C42814BC4400611D10 /* NodeCanvasLiveView.swift */ = {isa = PBXFileReference; lastKnownFileType = sourcecode.swift; path = NodeCanvasLiveView.swift; sourceTree = "<group>"; };
		0D8E36C62814BD8100611D10 /* NodeCanvasTitleIndicatorView.swift */ = {isa = PBXFileReference; lastKnownFileType = sourcecode.swift; path = NodeCanvasTitleIndicatorView.swift; sourceTree = "<group>"; };
		0D8E36C82814C41C00611D10 /* NodeCanvasDocView.swift */ = {isa = PBXFileReference; lastKnownFileType = sourcecode.swift; path = NodeCanvasDocView.swift; sourceTree = "<group>"; };
		0D8E36CA2814C5E100611D10 /* NodePageData.swift */ = {isa = PBXFileReference; lastKnownFileType = sourcecode.swift; path = NodePageData.swift; sourceTree = "<group>"; };
		0D8E36CD2814C7B600611D10 /* FlappyBird.sks */ = {isa = PBXFileReference; lastKnownFileType = file.sks; path = FlappyBird.sks; sourceTree = "<group>"; };
		0D8E6A5E280AAC100071A4D5 /* WWDC2022.app */ = {isa = PBXFileReference; explicitFileType = wrapper.application; includeInIndex = 0; path = WWDC2022.app; sourceTree = BUILT_PRODUCTS_DIR; };
		0D8E6A61280AAC100071A4D5 /* NodeEditorApp.swift */ = {isa = PBXFileReference; lastKnownFileType = sourcecode.swift; path = NodeEditorApp.swift; sourceTree = "<group>"; };
		0D8E6A65280AAC140071A4D5 /* Assets.xcassets */ = {isa = PBXFileReference; lastKnownFileType = folder.assetcatalog; path = Assets.xcassets; sourceTree = "<group>"; };
		0D8E6A68280AAC140071A4D5 /* Preview Assets.xcassets */ = {isa = PBXFileReference; lastKnownFileType = folder.assetcatalog; path = "Preview Assets.xcassets"; sourceTree = "<group>"; };
		0D92A657281144E000EA9F1E /* StartNode.swift */ = {isa = PBXFileReference; lastKnownFileType = sourcecode.swift; path = StartNode.swift; sourceTree = "<group>"; };
		0D92A65D2811530400EA9F1E /* UpdateNode.swift */ = {isa = PBXFileReference; lastKnownFileType = sourcecode.swift; path = UpdateNode.swift; sourceTree = "<group>"; };
		0D92A6612811759000EA9F1E /* NodeAddSelectionView.swift */ = {isa = PBXFileReference; lastKnownFileType = sourcecode.swift; path = NodeAddSelectionView.swift; sourceTree = "<group>"; };
		0D92A66328117B0C00EA9F1E /* SwiftUI+Conditional.swift */ = {isa = PBXFileReference; lastKnownFileType = sourcecode.swift; path = "SwiftUI+Conditional.swift"; sourceTree = "<group>"; };
		0D92A66728121B2100EA9F1E /* TriggerNode.swift */ = {isa = PBXFileReference; lastKnownFileType = sourcecode.swift; path = TriggerNode.swift; sourceTree = "<group>"; };
		0DB6B07F280E53F0005D7080 /* CoreGraphics+Math.swift */ = {isa = PBXFileReference; lastKnownFileType = sourcecode.swift; path = "CoreGraphics+Math.swift"; sourceTree = "<group>"; };
		0DB6B081280EC738005D7080 /* NodeCanvasToolbarView.swift */ = {isa = PBXFileReference; lastKnownFileType = sourcecode.swift; path = NodeCanvasToolbarView.swift; sourceTree = "<group>"; };
		0DE8809128103862008C70C0 /* NodePortConnectionData.swift */ = {isa = PBXFileReference; lastKnownFileType = sourcecode.swift; path = NodePortConnectionData.swift; sourceTree = "<group>"; };
		0DE8809328103896008C70C0 /* NodePortData.swift */ = {isa = PBXFileReference; lastKnownFileType = sourcecode.swift; path = NodePortData.swift; sourceTree = "<group>"; };
/* End PBXFileReference section */

/* Begin PBXFrameworksBuildPhase section */
		0D8E6A5B280AAC100071A4D5 /* Frameworks */ = {
			isa = PBXFrameworksBuildPhase;
			buildActionMask = 2147483647;
			files = (
			);
			runOnlyForDeploymentPostprocessing = 0;
		};
/* End PBXFrameworksBuildPhase section */

/* Begin PBXGroup section */
		0D32FFBC281029300068C52F /* Control */ = {
			isa = PBXGroup;
			children = (
				0D32FFBA2810268E0068C52F /* ToggleButtonView.swift */,
			);
			path = Control;
			sourceTree = "<group>";
		};
		0D32FFBD2810293C0068C52F /* NodeCanvas */ = {
			isa = PBXGroup;
			children = (
				0D43AD90280CDC4400601308 /* NodeCanvasNavigationView.swift */,
				0D8E36C42814BC4400611D10 /* NodeCanvasLiveView.swift */,
				0D8E36C82814C41C00611D10 /* NodeCanvasDocView.swift */,
				0D43AD8D280CDAF900601308 /* NodeCanvasView.swift */,
				0D32FFB4281024940068C52F /* NodeCanvasMinimapView.swift */,
				0D43ADA3280D5D1400601308 /* NodeView.swift */,
				0D3B269D280EDCFB0005280A /* NodePortView.swift */,
				0DB6B081280EC738005D7080 /* NodeCanvasToolbarView.swift */,
				0D92A6612811759000EA9F1E /* NodeAddSelectionView.swift */,
				0D8E36C62814BD8100611D10 /* NodeCanvasTitleIndicatorView.swift */,
			);
			path = NodeCanvas;
			sourceTree = "<group>";
		};
		0D32FFBE2810294B0068C52F /* More */ = {
			isa = PBXGroup;
			children = (
				0D32FFB0281001400068C52F /* MoreNavigationView.swift */,
			);
			path = More;
			sourceTree = "<group>";
		};
		0D43AD92280CE26C00601308 /* Data */ = {
			isa = PBXGroup;
			children = (
				0D43AD9F280D4D4D00601308 /* Environment.swift */,
				0D8E36CA2814C5E100611D10 /* NodePageData.swift */,
				0D3B269B280ED29A0005280A /* NodeCanvasData.swift */,
				0D43ADA5280D5DED00601308 /* NodeData.swift */,
				0DE8809328103896008C70C0 /* NodePortData.swift */,
				0DE8809128103862008C70C0 /* NodePortConnectionData.swift */,
				0D59A20D28153B96001342FE /* NodePages */,
				0DEBE6C7280EE1D3008D82DB /* Nodes */,
				0D8E36BD281415CE00611D10 /* NodePorts */,
			);
			path = Data;
			sourceTree = "<group>";
		};
		0D43AD93280CE27C00601308 /* Manager */ = {
			isa = PBXGroup;
			children = (
				0D43AD97280CE2CE00601308 /* BaseManager.swift */,
				0D43AD99280CE2E400601308 /* EnvironmentManager.swift */,
				0D32FFB82810261C0068C52F /* PreferenceManager.swift */,
				0D2382D82814D09300EE7438 /* PageManager.swift */,
			);
			path = Manager;
			sourceTree = "<group>";
		};
		0D43AD94280CE28C00601308 /* Helper */ = {
			isa = PBXGroup;
			children = (
				0D43AD9B280CE2F300601308 /* Bundle+Version.swift */,
				0D43AD9C280CE2F300601308 /* Class+Runtime.swift */,
				0D59A21C2815812F001342FE /* String+Identifiable.swift */,
				0DB6B07F280E53F0005D7080 /* CoreGraphics+Math.swift */,
				0D32FFAE280FFB5F0068C52F /* CoreGraphics+Hashable.swift */,
				0D32FFB6281026020068C52F /* UserDefaults+SwiftUI.swift */,
				0D92A66328117B0C00EA9F1E /* SwiftUI+Conditional.swift */,
				0D8E36B0281380A100611D10 /* Collection+Nil.swift */,
				0D59A21A28158120001342FE /* Any+Equatable.swift */,
			);
			path = Helper;
			sourceTree = "<group>";
		};
		0D43AD95280CE29900601308 /* App */ = {
			isa = PBXGroup;
			children = (
				0D8E6A61280AAC100071A4D5 /* NodeEditorApp.swift */,
			);
			path = App;
			sourceTree = "<group>";
		};
		0D43AD96280CE2AD00601308 /* View */ = {
			isa = PBXGroup;
			children = (
				0D59A20A2815259D001342FE /* Wrapper */,
				0D32FFBD2810293C0068C52F /* NodeCanvas */,
				0D32FFBE2810294B0068C52F /* More */,
				0D32FFBC281029300068C52F /* Control */,
			);
			path = View;
			sourceTree = "<group>";
		};
		0D59A20A2815259D001342FE /* Wrapper */ = {
			isa = PBXGroup;
			children = (
				0D59A20B281525AF001342FE /* SpriteViewWrapper.swift */,
			);
			path = Wrapper;
			sourceTree = "<group>";
		};
		0D59A20D28153B96001342FE /* NodePages */ = {
			isa = PBXGroup;
			children = (
				0D59A22028158F78001342FE /* NodePageDataChapterZero.swift */,
				0D59A20E28153BD0001342FE /* NodePageDataChapterOne.swift */,
				0D59A2222815926D001342FE /* NodePageDataChapterTwo.swift */,
			);
			path = NodePages;
			sourceTree = "<group>";
		};
		0D8E36BD281415CE00611D10 /* NodePorts */ = {
			isa = PBXGroup;
			children = (
				0D8E36BB2814154300611D10 /* IntNodeDataPort.swift */,
				0D59A210281562F4001342FE /* SKSpriteNodeNodeDataPort.swift */,
				0D59A218281572C9001342FE /* CGVectorNodeDataPort.swift */,
			);
			path = NodePorts;
			sourceTree = "<group>";
		};
		0D8E36CC2814C7A000611D10 /* Resources */ = {
			isa = PBXGroup;
			children = (
				0D8E36CD2814C7B600611D10 /* FlappyBird.sks */,
			);
			path = Resources;
			sourceTree = "<group>";
		};
		0D8E6A55280AAC100071A4D5 = {
			isa = PBXGroup;
			children = (
				0D8E6A60280AAC100071A4D5 /* NodeEditor */,
				0D8E6A5F280AAC100071A4D5 /* Products */,
			);
			sourceTree = "<group>";
		};
		0D8E6A5F280AAC100071A4D5 /* Products */ = {
			isa = PBXGroup;
			children = (
				0D8E6A5E280AAC100071A4D5 /* WWDC2022.app */,
			);
			name = Products;
			sourceTree = "<group>";
		};
		0D8E6A60280AAC100071A4D5 /* NodeEditor */ = {
			isa = PBXGroup;
			children = (
				0D43AD95280CE29900601308 /* App */,
				0D43AD93280CE27C00601308 /* Manager */,
				0D43AD92280CE26C00601308 /* Data */,
				0D43AD96280CE2AD00601308 /* View */,
				0D43AD94280CE28C00601308 /* Helper */,
				0D8E36CC2814C7A000611D10 /* Resources */,
				0D43AD8F280CDBC900601308 /* NodeEditor.entitlements */,
				0D8E6A65280AAC140071A4D5 /* Assets.xcassets */,
				0D8E6A67280AAC140071A4D5 /* Preview Content */,
			);
			path = NodeEditor;
			sourceTree = "<group>";
		};
		0D8E6A67280AAC140071A4D5 /* Preview Content */ = {
			isa = PBXGroup;
			children = (
				0D8E6A68280AAC140071A4D5 /* Preview Assets.xcassets */,
			);
			path = "Preview Content";
			sourceTree = "<group>";
		};
		0DEBE6C7280EE1D3008D82DB /* Nodes */ = {
			isa = PBXGroup;
			children = (
				0D2382D42814CB4300EE7438 /* PlayAudioNode.swift */,
				0D92A657281144E000EA9F1E /* StartNode.swift */,
				0D92A65D2811530400EA9F1E /* UpdateNode.swift */,
				0D92A66728121B2100EA9F1E /* TriggerNode.swift */,
				0D59A2082814DF7B001342FE /* VectorNode.swift */,
				0D59A2062814DD75001342FE /* ApplyImpulseNode.swift */,
				0D8E36C02814AF4900611D10 /* GetTouchNode.swift */,
				0D59A21E28158DF9001342FE /* NewFrameNode.swift */,
				0D59A2042814DC15001342FE /* BirdNode.swift */,
			);
			path = Nodes;
			sourceTree = "<group>";
		};
/* End PBXGroup section */

/* Begin PBXNativeTarget section */
		0D8E6A5D280AAC100071A4D5 /* ScriptNode */ = {
			isa = PBXNativeTarget;
			buildConfigurationList = 0D8E6A6C280AAC140071A4D5 /* Build configuration list for PBXNativeTarget "ScriptNode" */;
			buildPhases = (
				0D8E6A5A280AAC100071A4D5 /* Sources */,
				0D8E6A5B280AAC100071A4D5 /* Frameworks */,
				0D8E6A5C280AAC100071A4D5 /* Resources */,
			);
			buildRules = (
			);
			dependencies = (
			);
			name = ScriptNode;
			productName = ShaderNodeEditor;
			productReference = 0D8E6A5E280AAC100071A4D5 /* WWDC2022.app */;
			productType = "com.apple.product-type.application";
		};
/* End PBXNativeTarget section */

/* Begin PBXProject section */
		0D8E6A56280AAC100071A4D5 /* Project object */ = {
			isa = PBXProject;
			attributes = {
				BuildIndependentTargetsInParallel = 1;
				LastSwiftUpdateCheck = 1330;
				LastUpgradeCheck = 1330;
				TargetAttributes = {
					0D8E6A5D280AAC100071A4D5 = {
						CreatedOnToolsVersion = 13.3.1;
					};
				};
			};
			buildConfigurationList = 0D8E6A59280AAC100071A4D5 /* Build configuration list for PBXProject "ScriptNode" */;
			compatibilityVersion = "Xcode 13.0";
			developmentRegion = en;
			hasScannedForEncodings = 0;
			knownRegions = (
				en,
				Base,
			);
			mainGroup = 0D8E6A55280AAC100071A4D5;
			productRefGroup = 0D8E6A5F280AAC100071A4D5 /* Products */;
			projectDirPath = "";
			projectRoot = "";
			targets = (
				0D8E6A5D280AAC100071A4D5 /* ScriptNode */,
			);
		};
/* End PBXProject section */

/* Begin PBXResourcesBuildPhase section */
		0D8E6A5C280AAC100071A4D5 /* Resources */ = {
			isa = PBXResourcesBuildPhase;
			buildActionMask = 2147483647;
			files = (
				0D8E6A69280AAC140071A4D5 /* Preview Assets.xcassets in Resources */,
				0D8E6A66280AAC140071A4D5 /* Assets.xcassets in Resources */,
				0D8E36CE2814C7B600611D10 /* FlappyBird.sks in Resources */,
			);
			runOnlyForDeploymentPostprocessing = 0;
		};
/* End PBXResourcesBuildPhase section */

/* Begin PBXSourcesBuildPhase section */
		0D8E6A5A280AAC100071A4D5 /* Sources */ = {
			isa = PBXSourcesBuildPhase;
			buildActionMask = 2147483647;
			files = (
				0D8E36C52814BC4400611D10 /* NodeCanvasLiveView.swift in Sources */,
				0D59A219281572C9001342FE /* CGVectorNodeDataPort.swift in Sources */,
				0DB6B082280EC738005D7080 /* NodeCanvasToolbarView.swift in Sources */,
				0D59A2052814DC15001342FE /* BirdNode.swift in Sources */,
				0D8E36C72814BD8100611D10 /* NodeCanvasTitleIndicatorView.swift in Sources */,
				0D59A2232815926D001342FE /* NodePageDataChapterTwo.swift in Sources */,
				0D92A65E2811530400EA9F1E /* UpdateNode.swift in Sources */,
				0D92A66828121B2100EA9F1E /* TriggerNode.swift in Sources */,
				0D8E6A62280AAC100071A4D5 /* NodeEditorApp.swift in Sources */,
				0D43ADA6280D5DED00601308 /* NodeData.swift in Sources */,
				0D92A66428117B0C00EA9F1E /* SwiftUI+Conditional.swift in Sources */,
				0D43ADA0280D4D4D00601308 /* Environment.swift in Sources */,
				0D59A22128158F78001342FE /* NodePageDataChapterZero.swift in Sources */,
				0D32FFB5281024940068C52F /* NodeCanvasMinimapView.swift in Sources */,
				0D59A2072814DD75001342FE /* ApplyImpulseNode.swift in Sources */,
				0D3B269E280EDCFB0005280A /* NodePortView.swift in Sources */,
				0D59A211281562F4001342FE /* SKSpriteNodeNodeDataPort.swift in Sources */,
				0D92A658281144E000EA9F1E /* StartNode.swift in Sources */,
				0D59A21D2815812F001342FE /* String+Identifiable.swift in Sources */,
				0D8E36BC2814154300611D10 /* IntNodeDataPort.swift in Sources */,
				0DE8809428103896008C70C0 /* NodePortData.swift in Sources */,
				0D32FFB7281026020068C52F /* UserDefaults+SwiftUI.swift in Sources */,
				0D43AD91280CDC4400601308 /* NodeCanvasNavigationView.swift in Sources */,
				0D32FFB1281001400068C52F /* MoreNavigationView.swift in Sources */,
				0D43AD9E280CE2F300601308 /* Class+Runtime.swift in Sources */,
				0D59A21F28158DF9001342FE /* NewFrameNode.swift in Sources */,
				0D8E36CB2814C5E100611D10 /* NodePageData.swift in Sources */,
				0DE8809228103862008C70C0 /* NodePortConnectionData.swift in Sources */,
				0D43AD9A280CE2E400601308 /* EnvironmentManager.swift in Sources */,
				0D3B269C280ED29A0005280A /* NodeCanvasData.swift in Sources */,
				0DB6B080280E53F0005D7080 /* CoreGraphics+Math.swift in Sources */,
				0D2382D52814CB4300EE7438 /* PlayAudioNode.swift in Sources */,
				0D59A21B28158120001342FE /* Any+Equatable.swift in Sources */,
				0D8E36C12814AF4900611D10 /* GetTouchNode.swift in Sources */,
				0D43ADA4280D5D1400601308 /* NodeView.swift in Sources */,
				0D43AD98280CE2CE00601308 /* BaseManager.swift in Sources */,
				0D59A20F28153BD0001342FE /* NodePageDataChapterOne.swift in Sources */,
				0D43AD9D280CE2F300601308 /* Bundle+Version.swift in Sources */,
				0D8E36B1281380A100611D10 /* Collection+Nil.swift in Sources */,
				0D2382D92814D09300EE7438 /* PageManager.swift in Sources */,
				0D8E36C92814C41C00611D10 /* NodeCanvasDocView.swift in Sources */,
				0D32FFB92810261C0068C52F /* PreferenceManager.swift in Sources */,
				0D92A6622811759000EA9F1E /* NodeAddSelectionView.swift in Sources */,
				0D43AD8E280CDAF900601308 /* NodeCanvasView.swift in Sources */,
				0D32FFBB2810268E0068C52F /* ToggleButtonView.swift in Sources */,
				0D32FFAF280FFB5F0068C52F /* CoreGraphics+Hashable.swift in Sources */,
				0D59A2092814DF7B001342FE /* VectorNode.swift in Sources */,
				0D59A20C281525AF001342FE /* SpriteViewWrapper.swift in Sources */,
			);
			runOnlyForDeploymentPostprocessing = 0;
		};
/* End PBXSourcesBuildPhase section */

/* Begin XCBuildConfiguration section */
		0D8E6A6A280AAC140071A4D5 /* Debug */ = {
			isa = XCBuildConfiguration;
			buildSettings = {
				ALWAYS_SEARCH_USER_PATHS = NO;
				CLANG_ANALYZER_NONNULL = YES;
				CLANG_ANALYZER_NUMBER_OBJECT_CONVERSION = YES_AGGRESSIVE;
				CLANG_CXX_LANGUAGE_STANDARD = "gnu++17";
				CLANG_ENABLE_MODULES = YES;
				CLANG_ENABLE_OBJC_ARC = YES;
				CLANG_ENABLE_OBJC_WEAK = YES;
				CLANG_WARN_BLOCK_CAPTURE_AUTORELEASING = YES;
				CLANG_WARN_BOOL_CONVERSION = YES;
				CLANG_WARN_COMMA = YES;
				CLANG_WARN_CONSTANT_CONVERSION = YES;
				CLANG_WARN_DEPRECATED_OBJC_IMPLEMENTATIONS = YES;
				CLANG_WARN_DIRECT_OBJC_ISA_USAGE = YES_ERROR;
				CLANG_WARN_DOCUMENTATION_COMMENTS = YES;
				CLANG_WARN_EMPTY_BODY = YES;
				CLANG_WARN_ENUM_CONVERSION = YES;
				CLANG_WARN_INFINITE_RECURSION = YES;
				CLANG_WARN_INT_CONVERSION = YES;
				CLANG_WARN_NON_LITERAL_NULL_CONVERSION = YES;
				CLANG_WARN_OBJC_IMPLICIT_RETAIN_SELF = YES;
				CLANG_WARN_OBJC_LITERAL_CONVERSION = YES;
				CLANG_WARN_OBJC_ROOT_CLASS = YES_ERROR;
				CLANG_WARN_QUOTED_INCLUDE_IN_FRAMEWORK_HEADER = YES;
				CLANG_WARN_RANGE_LOOP_ANALYSIS = YES;
				CLANG_WARN_STRICT_PROTOTYPES = YES;
				CLANG_WARN_SUSPICIOUS_MOVE = YES;
				CLANG_WARN_UNGUARDED_AVAILABILITY = YES_AGGRESSIVE;
				CLANG_WARN_UNREACHABLE_CODE = YES;
				CLANG_WARN__DUPLICATE_METHOD_MATCH = YES;
				COPY_PHASE_STRIP = NO;
				DEBUG_INFORMATION_FORMAT = dwarf;
				ENABLE_STRICT_OBJC_MSGSEND = YES;
				ENABLE_TESTABILITY = YES;
				GCC_C_LANGUAGE_STANDARD = gnu11;
				GCC_DYNAMIC_NO_PIC = NO;
				GCC_NO_COMMON_BLOCKS = YES;
				GCC_OPTIMIZATION_LEVEL = 0;
				GCC_PREPROCESSOR_DEFINITIONS = (
					"DEBUG=1",
					"$(inherited)",
				);
				GCC_WARN_64_TO_32_BIT_CONVERSION = YES;
				GCC_WARN_ABOUT_RETURN_TYPE = YES_ERROR;
				GCC_WARN_UNDECLARED_SELECTOR = YES;
				GCC_WARN_UNINITIALIZED_AUTOS = YES_AGGRESSIVE;
				GCC_WARN_UNUSED_FUNCTION = YES;
				GCC_WARN_UNUSED_VARIABLE = YES;
				IPHONEOS_DEPLOYMENT_TARGET = 15.4;
				MTL_ENABLE_DEBUG_INFO = INCLUDE_SOURCE;
				MTL_FAST_MATH = YES;
				ONLY_ACTIVE_ARCH = YES;
				SDKROOT = iphoneos;
				SWIFT_ACTIVE_COMPILATION_CONDITIONS = DEBUG;
				SWIFT_OPTIMIZATION_LEVEL = "-Onone";
			};
			name = Debug;
		};
		0D8E6A6B280AAC140071A4D5 /* Release */ = {
			isa = XCBuildConfiguration;
			buildSettings = {
				ALWAYS_SEARCH_USER_PATHS = NO;
				CLANG_ANALYZER_NONNULL = YES;
				CLANG_ANALYZER_NUMBER_OBJECT_CONVERSION = YES_AGGRESSIVE;
				CLANG_CXX_LANGUAGE_STANDARD = "gnu++17";
				CLANG_ENABLE_MODULES = YES;
				CLANG_ENABLE_OBJC_ARC = YES;
				CLANG_ENABLE_OBJC_WEAK = YES;
				CLANG_WARN_BLOCK_CAPTURE_AUTORELEASING = YES;
				CLANG_WARN_BOOL_CONVERSION = YES;
				CLANG_WARN_COMMA = YES;
				CLANG_WARN_CONSTANT_CONVERSION = YES;
				CLANG_WARN_DEPRECATED_OBJC_IMPLEMENTATIONS = YES;
				CLANG_WARN_DIRECT_OBJC_ISA_USAGE = YES_ERROR;
				CLANG_WARN_DOCUMENTATION_COMMENTS = YES;
				CLANG_WARN_EMPTY_BODY = YES;
				CLANG_WARN_ENUM_CONVERSION = YES;
				CLANG_WARN_INFINITE_RECURSION = YES;
				CLANG_WARN_INT_CONVERSION = YES;
				CLANG_WARN_NON_LITERAL_NULL_CONVERSION = YES;
				CLANG_WARN_OBJC_IMPLICIT_RETAIN_SELF = YES;
				CLANG_WARN_OBJC_LITERAL_CONVERSION = YES;
				CLANG_WARN_OBJC_ROOT_CLASS = YES_ERROR;
				CLANG_WARN_QUOTED_INCLUDE_IN_FRAMEWORK_HEADER = YES;
				CLANG_WARN_RANGE_LOOP_ANALYSIS = YES;
				CLANG_WARN_STRICT_PROTOTYPES = YES;
				CLANG_WARN_SUSPICIOUS_MOVE = YES;
				CLANG_WARN_UNGUARDED_AVAILABILITY = YES_AGGRESSIVE;
				CLANG_WARN_UNREACHABLE_CODE = YES;
				CLANG_WARN__DUPLICATE_METHOD_MATCH = YES;
				COPY_PHASE_STRIP = NO;
				DEBUG_INFORMATION_FORMAT = "dwarf-with-dsym";
				ENABLE_NS_ASSERTIONS = NO;
				ENABLE_STRICT_OBJC_MSGSEND = YES;
				GCC_C_LANGUAGE_STANDARD = gnu11;
				GCC_NO_COMMON_BLOCKS = YES;
				GCC_WARN_64_TO_32_BIT_CONVERSION = YES;
				GCC_WARN_ABOUT_RETURN_TYPE = YES_ERROR;
				GCC_WARN_UNDECLARED_SELECTOR = YES;
				GCC_WARN_UNINITIALIZED_AUTOS = YES_AGGRESSIVE;
				GCC_WARN_UNUSED_FUNCTION = YES;
				GCC_WARN_UNUSED_VARIABLE = YES;
				IPHONEOS_DEPLOYMENT_TARGET = 15.4;
				MTL_ENABLE_DEBUG_INFO = NO;
				MTL_FAST_MATH = YES;
				SDKROOT = iphoneos;
				SWIFT_COMPILATION_MODE = wholemodule;
				SWIFT_OPTIMIZATION_LEVEL = "-O";
				VALIDATE_PRODUCT = YES;
			};
			name = Release;
		};
		0D8E6A6D280AAC140071A4D5 /* Debug */ = {
			isa = XCBuildConfiguration;
			buildSettings = {
				ASSETCATALOG_COMPILER_APPICON_NAME = AppIcon;
				ASSETCATALOG_COMPILER_GLOBAL_ACCENT_COLOR_NAME = AccentColor;
				CODE_SIGN_ENTITLEMENTS = NodeEditor/NodeEditor.entitlements;
				CODE_SIGN_STYLE = Automatic;
				CURRENT_PROJECT_VERSION = 1;
				DEVELOPMENT_ASSET_PATHS = "\"NodeEditor/Preview Content\"";
				DEVELOPMENT_TEAM = 9QJ8M25J77;
				ENABLE_PREVIEWS = YES;
				GENERATE_INFOPLIST_FILE = YES;
				INFOPLIST_KEY_LSApplicationCategoryType = "public.app-category.productivity";
				INFOPLIST_KEY_UIApplicationSceneManifest_Generation = YES;
				INFOPLIST_KEY_UIApplicationSupportsIndirectInputEvents = YES;
				INFOPLIST_KEY_UILaunchScreen_Generation = YES;
				INFOPLIST_KEY_UISupportedInterfaceOrientations_iPad = "UIInterfaceOrientationPortrait UIInterfaceOrientationPortraitUpsideDown UIInterfaceOrientationLandscapeLeft UIInterfaceOrientationLandscapeRight";
				INFOPLIST_KEY_UISupportedInterfaceOrientations_iPhone = "UIInterfaceOrientationPortrait UIInterfaceOrientationLandscapeLeft UIInterfaceOrientationLandscapeRight";
				LD_RUNPATH_SEARCH_PATHS = (
					"$(inherited)",
					"@executable_path/Frameworks",
				);
				MARKETING_VERSION = 1.0.0;
				PRODUCT_BUNDLE_IDENTIFIER = com.JustZht.WWDC2022;
				PRODUCT_NAME = WWDC2022;
				SUPPORTS_MACCATALYST = YES;
				SWIFT_EMIT_LOC_STRINGS = YES;
				SWIFT_VERSION = 5.0;
				TARGETED_DEVICE_FAMILY = "1,2";
			};
			name = Debug;
		};
		0D8E6A6E280AAC140071A4D5 /* Release */ = {
			isa = XCBuildConfiguration;
			buildSettings = {
				ASSETCATALOG_COMPILER_APPICON_NAME = AppIcon;
				ASSETCATALOG_COMPILER_GLOBAL_ACCENT_COLOR_NAME = AccentColor;
				CODE_SIGN_ENTITLEMENTS = NodeEditor/NodeEditor.entitlements;
				CODE_SIGN_STYLE = Automatic;
				CURRENT_PROJECT_VERSION = 1;
				DEVELOPMENT_ASSET_PATHS = "\"NodeEditor/Preview Content\"";
				DEVELOPMENT_TEAM = 9QJ8M25J77;
				ENABLE_PREVIEWS = YES;
				GENERATE_INFOPLIST_FILE = YES;
				INFOPLIST_KEY_LSApplicationCategoryType = "public.app-category.productivity";
				INFOPLIST_KEY_UIApplicationSceneManifest_Generation = YES;
				INFOPLIST_KEY_UIApplicationSupportsIndirectInputEvents = YES;
				INFOPLIST_KEY_UILaunchScreen_Generation = YES;
				INFOPLIST_KEY_UISupportedInterfaceOrientations_iPad = "UIInterfaceOrientationPortrait UIInterfaceOrientationPortraitUpsideDown UIInterfaceOrientationLandscapeLeft UIInterfaceOrientationLandscapeRight";
				INFOPLIST_KEY_UISupportedInterfaceOrientations_iPhone = "UIInterfaceOrientationPortrait UIInterfaceOrientationLandscapeLeft UIInterfaceOrientationLandscapeRight";
				LD_RUNPATH_SEARCH_PATHS = (
					"$(inherited)",
					"@executable_path/Frameworks",
				);
				MARKETING_VERSION = 1.0.0;
				PRODUCT_BUNDLE_IDENTIFIER = com.JustZht.WWDC2022;
				PRODUCT_NAME = WWDC2022;
				SUPPORTS_MACCATALYST = YES;
				SWIFT_EMIT_LOC_STRINGS = YES;
				SWIFT_VERSION = 5.0;
				TARGETED_DEVICE_FAMILY = "1,2";
			};
			name = Release;
		};
/* End XCBuildConfiguration section */

/* Begin XCConfigurationList section */
		0D8E6A59280AAC100071A4D5 /* Build configuration list for PBXProject "ScriptNode" */ = {
			isa = XCConfigurationList;
			buildConfigurations = (
				0D8E6A6A280AAC140071A4D5 /* Debug */,
				0D8E6A6B280AAC140071A4D5 /* Release */,
			);
			defaultConfigurationIsVisible = 0;
			defaultConfigurationName = Release;
		};
		0D8E6A6C280AAC140071A4D5 /* Build configuration list for PBXNativeTarget "ScriptNode" */ = {
			isa = XCConfigurationList;
			buildConfigurations = (
				0D8E6A6D280AAC140071A4D5 /* Debug */,
				0D8E6A6E280AAC140071A4D5 /* Release */,
			);
			defaultConfigurationIsVisible = 0;
			defaultConfigurationName = Release;
		};
/* End XCConfigurationList section */
	};
	rootObject = 0D8E6A56280AAC100071A4D5 /* Project object */;
}
